PODS:
  - AnalyticsSwiftCocoapod (1.7.3):
    - JSONSafeEncoding (= 2.0.0)
    - Sovran (= 1.1.1)
  - AnyCodable-FlightSchool (0.6.7)
  - DeviceKit (4.0.0)
  - Flutter (1.0.0)
  - Helium (1.6.3):
    - AnalyticsSwiftCocoapod (~> 1.7.3)
    - AnyCodable-FlightSchool (~> 0.6.0)
    - DeviceKit (~> 4.0.0)
    - Kingfisher (~> 7.0)
    - SwiftyJSON (~> 5.0.2)
  - helium_flutter (0.0.3):
    - Flutter
    - Helium
  - integration_test (0.0.1):
    - Flutter
  - JSONSafeEncoding (2.0.0)
  - Kingfisher (7.12.0)
  - purchases_flutter (8.7.3):
    - Flutter
    - PurchasesHybridCommon (= 13.28.1)
  - PurchasesHybridCommon (13.28.1):
    - RevenueCat (= 5.21.2)
  - RevenueCat (5.21.2)
  - Sovran (1.1.1)
  - SwiftyJSON (5.0.2)

DEPENDENCIES:
  - Flutter (from `Flutter`)
  - helium_flutter (from `.symlinks/plugins/helium_flutter/ios`)
  - integration_test (from `.symlinks/plugins/integration_test/ios`)
  - purchases_flutter (from `.symlinks/plugins/purchases_flutter/ios`)

SPEC REPOS:
  trunk:
    - AnalyticsSwiftCocoapod
    - AnyCodable-FlightSchool
    - DeviceKit
    - Helium
    - JSONSafeEncoding
    - Kingfisher
    - PurchasesHybridCommon
    - RevenueCat
    - Sovran
    - SwiftyJSON

EXTERNAL SOURCES:
  Flutter:
    :path: Flutter
  helium_flutter:
    :path: ".symlinks/plugins/helium_flutter/ios"
  integration_test:
    :path: ".symlinks/plugins/integration_test/ios"
  purchases_flutter:
    :path: ".symlinks/plugins/purchases_flutter/ios"

SPEC CHECKSUMS:
  AnalyticsSwiftCocoapod: da397b55bc7e2d90c59c8b359271ba4b3e1b57c8
  AnyCodable-FlightSchool: 261cbe76757802b17d471b9059b21e6fa5edf57b
  DeviceKit: 8d3a6ce9f98c3a1a591a84b4edf69693c3552083
  Flutter: e0871f40cf51350855a761d2e70bf5af5b9b5de7
  Helium: 9ed63da7f43ec990ed6f03bfeae2ce8452d257e9
  helium_flutter: dc909af98f97e9be492a5f5f589a5882b99c4aaf
  integration_test: 252f60fa39af5e17c3aa9899d35d908a0721b573
  JSONSafeEncoding: 54722ebc4fe1482e3e60a8450e1287481e32dd8b
  Kingfisher: 53a10ea35051a436b5fb626ca2dd8f3144d755e9
  purchases_flutter: 8abf2713ef15d22c85a2c3a8ffea30dafdceea2c
  PurchasesHybridCommon: bb4c1ddc8683a18859da35f45a0717379f889d94
  RevenueCat: d8174cfd72fab33f3b877d38c9f033142dc87c60
  Sovran: f8212bb3855042a24689a73ea0219ca5295235da
  SwiftyJSON: f5b1bf1cd8dd53cd25887ac0eabcfd92301c6a5a

PODFILE CHECKSUM: e30f02f9d1c72c47bb6344a0a748c9d268180865

COCOAPODS: 1.16.2
