{
  "originHash" : "50a943b2ae9b6546a29e99b2ebde483b58c11792923058962b2ffcf5d911bdf1",
  "pins" : [
    {
      "identity" : "helium-swift",
      "kind" : "remoteSourceControl",
      "location" : "https://github.com/cloudcaptainai/helium-swift.git",
      "state" : {
        "revision" : "cd0feebe5f0206cdf3162d2a75a7a885571c6660",
        "version" : "3.0.6"
      }
    },
    {
      "identity" : "purchases-ios-spm",
      "kind" : "remoteSourceControl",
      "location" : "https://github.com/RevenueCat/purchases-ios-spm",
      "state" : {
        "revision" : "a315ca87fcec9fa6290c538e88e2f0a62f796458",
        "version" : "5.40.0"
      }
    }
  ],
  "version" : 3
}
