{
  "pins" : [
    {
      "identity" : "helium-swift",
      "kind" : "remoteSourceControl",
      "location" : "https://github.com/cloudcaptainai/helium-swift.git",
      "state" : {
        "revision" : "437d36c20070df0771e5ac5f3d542c3ba8815496",
        "version" : "4.4.1"
      }
    },
    {
      "identity" : "purchases-hybrid-common",
      "kind" : "remoteSourceControl",
      "location" : "https://github.com/RevenueCat/purchases-hybrid-common.git",
      "state" : {
        "revision" : "223110fdba329d83e35fb74f3b6ba21e849be765",
        "version" : "17.23.0"
      }
    },
    {
      "identity" : "purchases-ios-spm",
      "kind" : "remoteSourceControl",
      "location" : "https://github.com/RevenueCat/purchases-ios-spm",
      "state" : {
        "revision" : "22a87e08b943bd141ff1bb74bb116f0b9f78d19e",
        "version" : "5.50.0"
      }
    }
  ],
  "version" : 2
}
