{
  "originHash" : "50a943b2ae9b6546a29e99b2ebde483b58c11792923058962b2ffcf5d911bdf1",
  "pins" : [
    {
      "identity" : "helium-swift",
      "kind" : "remoteSourceControl",
      "location" : "https://github.com/cloudcaptainai/helium-swift.git",
      "state" : {
        "revision" : "3525bdbb0a8184806b71106b0e2763572c7959fe",
        "version" : "2.3.0"
      }
    },
    {
      "identity" : "purchases-ios-spm",
      "kind" : "remoteSourceControl",
      "location" : "https://github.com/RevenueCat/purchases-ios-spm",
      "state" : {
        "revision" : "9cb74af9c5e9b4e9c22a511d8df4481fa7e3de16",
        "version" : "5.32.0"
      }
    }
  ],
  "version" : 3
}
